
Microsoft Visual Studio Solution File, Format Version 12.00
# Visual Studio 14
VisualStudioVersion = 14.0.23107.0
MinimumVisualStudioVersion = 10.0.40219.1
Project("{2150E333-8FDC-42A3-9474-1A3956D46DE8}") = "src", "src", "{FDBDBC4C-51C6-49FE-A518-8829219B81B9}"
EndProject
Project("{2150E333-8FDC-42A3-9474-1A3956D46DE8}") = "Solution Items", "Solution Items", "{6C58E0B3-86B5-4F32-9487-CC3044D3D821}"
	ProjectSection(SolutionItems) = preProject
		global.json = global.json
	EndProjectSection
EndProject
Project("{8BB2217D-0F2D-49D1-97BC-3654ED321F3B}") = "HRMS.Web", "src\HRManagementSystem\HRMS.Web.xproj", "{AEA5AEF5-0935-415D-A563-B3197FDC6F05}"
EndProject
Project("{FAE04EC0-301F-11D3-BF4B-00C04F79EFBC}") = "HRMS.Business", "HRMS.Business\HRMS.Business.csproj", "{4D931747-2664-4143-A88B-792A13132072}"
EndProject
Project("{FAE04EC0-301F-11D3-BF4B-00C04F79EFBC}") = "HRMS.Data", "HRMS.Data\HRMS.Data.csproj", "{BDC0E58F-492A-4CB6-9396-1908BD801EC5}"
EndProject
Project("{FAE04EC0-301F-11D3-BF4B-00C04F79EFBC}") = "HRMS.Entities", "Entities\HRMS.Entities.csproj", "{93886D38-AF3A-4DB5-A48F-E3A3D77F08F5}"
EndProject
Global
	GlobalSection(SolutionConfigurationPlatforms) = preSolution
		Debug|Any CPU = Debug|Any CPU
		Release|Any CPU = Release|Any CPU
	EndGlobalSection
	GlobalSection(ProjectConfigurationPlatforms) = postSolution
		{AEA5AEF5-0935-415D-A563-B3197FDC6F05}.Debug|Any CPU.ActiveCfg = Debug|Any CPU
		{AEA5AEF5-0935-415D-A563-B3197FDC6F05}.Debug|Any CPU.Build.0 = Debug|Any CPU
		{AEA5AEF5-0935-415D-A563-B3197FDC6F05}.Release|Any CPU.ActiveCfg = Release|Any CPU
		{AEA5AEF5-0935-415D-A563-B3197FDC6F05}.Release|Any CPU.Build.0 = Release|Any CPU
		{4D931747-2664-4143-A88B-792A13132072}.Debug|Any CPU.ActiveCfg = Debug|Any CPU
		{4D931747-2664-4143-A88B-792A13132072}.Debug|Any CPU.Build.0 = Debug|Any CPU
		{4D931747-2664-4143-A88B-792A13132072}.Release|Any CPU.ActiveCfg = Release|Any CPU
		{4D931747-2664-4143-A88B-792A13132072}.Release|Any CPU.Build.0 = Release|Any CPU
		{BDC0E58F-492A-4CB6-9396-1908BD801EC5}.Debug|Any CPU.ActiveCfg = Debug|Any CPU
		{BDC0E58F-492A-4CB6-9396-1908BD801EC5}.Debug|Any CPU.Build.0 = Debug|Any CPU
		{BDC0E58F-492A-4CB6-9396-1908BD801EC5}.Release|Any CPU.ActiveCfg = Release|Any CPU
		{BDC0E58F-492A-4CB6-9396-1908BD801EC5}.Release|Any CPU.Build.0 = Release|Any CPU
		{93886D38-AF3A-4DB5-A48F-E3A3D77F08F5}.Debug|Any CPU.ActiveCfg = Debug|Any CPU
		{93886D38-AF3A-4DB5-A48F-E3A3D77F08F5}.Debug|Any CPU.Build.0 = Debug|Any CPU
		{93886D38-AF3A-4DB5-A48F-E3A3D77F08F5}.Release|Any CPU.ActiveCfg = Release|Any CPU
		{93886D38-AF3A-4DB5-A48F-E3A3D77F08F5}.Release|Any CPU.Build.0 = Release|Any CPU
	EndGlobalSection
	GlobalSection(SolutionProperties) = preSolution
		HideSolutionNode = FALSE
	EndGlobalSection
	GlobalSection(NestedProjects) = preSolution
		{AEA5AEF5-0935-415D-A563-B3197FDC6F05} = {FDBDBC4C-51C6-49FE-A518-8829219B81B9}
		{4D931747-2664-4143-A88B-792A13132072} = {FDBDBC4C-51C6-49FE-A518-8829219B81B9}
		{BDC0E58F-492A-4CB6-9396-1908BD801EC5} = {FDBDBC4C-51C6-49FE-A518-8829219B81B9}
		{93886D38-AF3A-4DB5-A48F-E3A3D77F08F5} = {FDBDBC4C-51C6-49FE-A518-8829219B81B9}
	EndGlobalSection
EndGlobal
